// !$*UTF8*$!
{
	archiveVersion = 1;
	classes = {
	};
	objectVersion = 50;
	objects = {

/* Begin PBXBuildFile section */
		29E099542391786E006580AC /* main.c in Sources */ = {isa = PBXBuildFile; fileRef = 29E099532391786E006580AC /* main.c */; };
		29E0995C2391787F006580AC /* OpenGL.framework in Frameworks */ = {isa = PBXBuildFile; fileRef = 29E0995B2391787F006580AC /* OpenGL.framework */; };
		29E0995E23917885006580AC /* GLUT.framework in Frameworks */ = {isa = PBXBuildFile; fileRef = 29E0995D23917885006580AC /* GLUT.framework */; };
		29E0996623917914006580AC /* QuadMesh.c in Sources */ = {isa = PBXBuildFile; fileRef = 29E0996123917913006580AC /* QuadMesh.c */; };
		29E0996723917914006580AC /* Vector3D.c in Sources */ = {isa = PBXBuildFile; fileRef = 29E0996423917914006580AC /* Vector3D.c */; };
/* End PBXBuildFile section */

/* Begin PBXCopyFilesBuildPhase section */
		29E0994E2391786E006580AC /* CopyFiles */ = {
			isa = PBXCopyFilesBuildPhase;
			buildActionMask = 2147483647;
			dstPath = /usr/share/man/man1/;
			dstSubfolderSpec = 0;
			files = (
			);
			runOnlyForDeploymentPostprocessing = 1;
		};
/* End PBXCopyFilesBuildPhase section */

/* Begin PBXFileReference section */
		29E099502391786E006580AC /* CPS511_asst3 */ = {isa = PBXFileReference; explicitFileType = "compiled.mach-o.executable"; includeInIndex = 0; path = CPS511_asst3; sourceTree = BUILT_PRODUCTS_DIR; };
		29E099532391786E006580AC /* main.c */ = {isa = PBXFileReference; lastKnownFileType = sourcecode.c.c; path = main.c; sourceTree = "<group>"; };
		29E0995B2391787F006580AC /* OpenGL.framework */ = {isa = PBXFileReference; lastKnownFileType = wrapper.framework; name = OpenGL.framework; path = System/Library/Frameworks/OpenGL.framework; sourceTree = SDKROOT; };
		29E0995D23917885006580AC /* GLUT.framework */ = {isa = PBXFileReference; lastKnownFileType = wrapper.framework; name = GLUT.framework; path = System/Library/Frameworks/GLUT.framework; sourceTree = SDKROOT; };
		29E0996123917913006580AC /* QuadMesh.c */ = {isa = PBXFileReference; fileEncoding = 4; lastKnownFileType = sourcecode.c.c; path = QuadMesh.c; sourceTree = "<group>"; };
		29E0996223917913006580AC /* QuadMesh.h */ = {isa = PBXFileReference; fileEncoding = 4; lastKnownFileType = sourcecode.c.h; path = QuadMesh.h; sourceTree = "<group>"; };
		29E0996323917914006580AC /* Vector3D.h */ = {isa = PBXFileReference; fileEncoding = 4; lastKnownFileType = sourcecode.c.h; path = Vector3D.h; sourceTree = "<group>"; };
		29E0996423917914006580AC /* Vector3D.c */ = {isa = PBXFileReference; fileEncoding = 4; lastKnownFileType = sourcecode.c.c; path = Vector3D.c; sourceTree = "<group>"; };
		29E099692395A2CA006580AC /* vertexshader.txt */ = {isa = PBXFileReference; lastKnownFileType = text; name = vertexshader.txt; path = /Users/Momin/Desktop/CPS511_asst3/CPS511_asst3/vertexshader.txt; sourceTree = "<absolute>"; };
		29E0996A2395A2CC006580AC /* fragmentshader.txt */ = {isa = PBXFileReference; lastKnownFileType = text; name = fragmentshader.txt; path = /Users/Momin/Desktop/CPS511_asst3/CPS511_asst3/fragmentshader.txt; sourceTree = "<absolute>"; };
/* End PBXFileReference section */

/* Begin PBXFrameworksBuildPhase section */
		29E0994D2391786E006580AC /* Frameworks */ = {
			isa = PBXFrameworksBuildPhase;
			buildActionMask = 2147483647;
			files = (
				29E0995E23917885006580AC /* GLUT.framework in Frameworks */,
				29E0995C2391787F006580AC /* OpenGL.framework in Frameworks */,
			);
			runOnlyForDeploymentPostprocessing = 0;
		};
/* End PBXFrameworksBuildPhase section */

/* Begin PBXGroup section */
		29E099472391786E006580AC = {
			isa = PBXGroup;
			children = (
				29E099522391786E006580AC /* CPS511_asst3 */,
				29E099512391786E006580AC /* Products */,
				29E0995A2391787F006580AC /* Frameworks */,
			);
			sourceTree = "<group>";
		};
		29E099512391786E006580AC /* Products */ = {
			isa = PBXGroup;
			children = (
				29E099502391786E006580AC /* CPS511_asst3 */,
			);
			name = Products;
			sourceTree = "<group>";
		};
		29E099522391786E006580AC /* CPS511_asst3 */ = {
			isa = PBXGroup;
			children = (
				29E099692395A2CA006580AC /* vertexshader.txt */,
				29E0996A2395A2CC006580AC /* fragmentshader.txt */,
				29E0996123917913006580AC /* QuadMesh.c */,
				29E0996223917913006580AC /* QuadMesh.h */,
				29E0996423917914006580AC /* Vector3D.c */,
				29E0996323917914006580AC /* Vector3D.h */,
				29E099532391786E006580AC /* main.c */,
			);
			path = CPS511_asst3;
			sourceTree = "<group>";
		};
		29E0995A2391787F006580AC /* Frameworks */ = {
			isa = PBXGroup;
			children = (
				29E0995D23917885006580AC /* GLUT.framework */,
				29E0995B2391787F006580AC /* OpenGL.framework */,
			);
			name = Frameworks;
			sourceTree = "<group>";
		};
/* End PBXGroup section */

/* Begin PBXNativeTarget section */
		29E0994F2391786E006580AC /* CPS511_asst3 */ = {
			isa = PBXNativeTarget;
			buildConfigurationList = 29E099572391786E006580AC /* Build configuration list for PBXNativeTarget "CPS511_asst3" */;
			buildPhases = (
				29E0994C2391786E006580AC /* Sources */,
				29E0994D2391786E006580AC /* Frameworks */,
				29E0994E2391786E006580AC /* CopyFiles */,
			);
			buildRules = (
			);
			dependencies = (
			);
			name = CPS511_asst3;
			productName = CPS511_asst3;
			productReference = 29E099502391786E006580AC /* CPS511_asst3 */;
			productType = "com.apple.product-type.tool";
		};
/* End PBXNativeTarget section */

/* Begin PBXProject section */
		29E099482391786E006580AC /* Project object */ = {
			isa = PBXProject;
			attributes = {
				LastUpgradeCheck = 1110;
				ORGANIZATIONNAME = "Momin Chaudhry";
				TargetAttributes = {
					29E0994F2391786E006580AC = {
						CreatedOnToolsVersion = 11.1;
					};
				};
			};
			buildConfigurationList = 29E0994B2391786E006580AC /* Build configuration list for PBXProject "CPS511_asst3" */;
			compatibilityVersion = "Xcode 9.3";
			developmentRegion = en;
			hasScannedForEncodings = 0;
			knownRegions = (
				en,
				Base,
			);
			mainGroup = 29E099472391786E006580AC;
			productRefGroup = 29E099512391786E006580AC /* Products */;
			projectDirPath = "";
			projectRoot = "";
			targets = (
				29E0994F2391786E006580AC /* CPS511_asst3 */,
			);
		};
/* End PBXProject section */

/* Begin PBXSourcesBuildPhase section */
		29E0994C2391786E006580AC /* Sources */ = {
			isa = PBXSourcesBuildPhase;
			buildActionMask = 2147483647;
			files = (
				29E0996623917914006580AC /* QuadMesh.c in Sources */,
				29E0996723917914006580AC /* Vector3D.c in Sources */,
				29E099542391786E006580AC /* main.c in Sources */,
			);
			runOnlyForDeploymentPostprocessing = 0;
		};
/* End PBXSourcesBuildPhase section */

/* Begin XCBuildConfiguration section */
		29E099552391786E006580AC /* Debug */ = {
			isa = XCBuildConfiguration;
			buildSettings = {
				ALWAYS_SEARCH_USER_PATHS = NO;
				CLANG_ANALYZER_NONNULL = YES;
				CLANG_ANALYZER_NUMBER_OBJECT_CONVERSION = YES_AGGRESSIVE;
				CLANG_CXX_LANGUAGE_STANDARD = "gnu++14";
				CLANG_CXX_LIBRARY = "libc++";
				CLANG_ENABLE_MODULES = YES;
				CLANG_ENABLE_OBJC_ARC = YES;
				CLANG_ENABLE_OBJC_WEAK = YES;
				CLANG_WARN_BLOCK_CAPTURE_AUTORELEASING = YES;
				CLANG_WARN_BOOL_CONVERSION = YES;
				CLANG_WARN_COMMA = YES;
				CLANG_WARN_CONSTANT_CONVERSION = YES;
				CLANG_WARN_DEPRECATED_OBJC_IMPLEMENTATIONS = YES;
				CLANG_WARN_DIRECT_OBJC_ISA_USAGE = YES_ERROR;
				CLANG_WARN_DOCUMENTATION_COMMENTS = YES;
				CLANG_WARN_EMPTY_BODY = YES;
				CLANG_WARN_ENUM_CONVERSION = YES;
				CLANG_WARN_INFINITE_RECURSION = YES;
				CLANG_WARN_INT_CONVERSION = YES;
				CLANG_WARN_NON_LITERAL_NULL_CONVERSION = YES;
				CLANG_WARN_OBJC_IMPLICIT_RETAIN_SELF = YES;
				CLANG_WARN_OBJC_LITERAL_CONVERSION = YES;
				CLANG_WARN_OBJC_ROOT_CLASS = YES_ERROR;
				CLANG_WARN_RANGE_LOOP_ANALYSIS = YES;
				CLANG_WARN_STRICT_PROTOTYPES = YES;
				CLANG_WARN_SUSPICIOUS_MOVE = YES;
				CLANG_WARN_UNGUARDED_AVAILABILITY = YES_AGGRESSIVE;
				CLANG_WARN_UNREACHABLE_CODE = YES;
				CLANG_WARN__DUPLICATE_METHOD_MATCH = YES;
				COPY_PHASE_STRIP = NO;
				DEBUG_INFORMATION_FORMAT = dwarf;
				ENABLE_STRICT_OBJC_MSGSEND = YES;
				ENABLE_TESTABILITY = YES;
				GCC_C_LANGUAGE_STANDARD = gnu11;
				GCC_DYNAMIC_NO_PIC = NO;
				GCC_NO_COMMON_BLOCKS = YES;
				GCC_OPTIMIZATION_LEVEL = 0;
				GCC_PREPROCESSOR_DEFINITIONS = (
					"DEBUG=1",
					"$(inherited)",
				);
				GCC_WARN_64_TO_32_BIT_CONVERSION = YES;
				GCC_WARN_ABOUT_RETURN_TYPE = YES_ERROR;
				GCC_WARN_UNDECLARED_SELECTOR = YES;
				GCC_WARN_UNINITIALIZED_AUTOS = YES_AGGRESSIVE;
				GCC_WARN_UNUSED_FUNCTION = YES;
				GCC_WARN_UNUSED_VARIABLE = YES;
				MACOSX_DEPLOYMENT_TARGET = 10.14;
				MTL_ENABLE_DEBUG_INFO = INCLUDE_SOURCE;
				MTL_FAST_MATH = YES;
				ONLY_ACTIVE_ARCH = YES;
				SDKROOT = macosx;
			};
			name = Debug;
		};
		29E099562391786E006580AC /* Release */ = {
			isa = XCBuildConfiguration;
			buildSettings = {
				ALWAYS_SEARCH_USER_PATHS = NO;
				CLANG_ANALYZER_NONNULL = YES;
				CLANG_ANALYZER_NUMBER_OBJECT_CONVERSION = YES_AGGRESSIVE;
				CLANG_CXX_LANGUAGE_STANDARD = "gnu++14";
				CLANG_CXX_LIBRARY = "libc++";
				CLANG_ENABLE_MODULES = YES;
				CLANG_ENABLE_OBJC_ARC = YES;
				CLANG_ENABLE_OBJC_WEAK = YES;
				CLANG_WARN_BLOCK_CAPTURE_AUTORELEASING = YES;
				CLANG_WARN_BOOL_CONVERSION = YES;
				CLANG_WARN_COMMA = YES;
				CLANG_WARN_CONSTANT_CONVERSION = YES;
				CLANG_WARN_DEPRECATED_OBJC_IMPLEMENTATIONS = YES;
				CLANG_WARN_DIRECT_OBJC_ISA_USAGE = YES_ERROR;
				CLANG_WARN_DOCUMENTATION_COMMENTS = YES;
				CLANG_WARN_EMPTY_BODY = YES;
				CLANG_WARN_ENUM_CONVERSION = YES;
				CLANG_WARN_INFINITE_RECURSION = YES;
				CLANG_WARN_INT_CONVERSION = YES;
				CLANG_WARN_NON_LITERAL_NULL_CONVERSION = YES;
				CLANG_WARN_OBJC_IMPLICIT_RETAIN_SELF = YES;
				CLANG_WARN_OBJC_LITERAL_CONVERSION = YES;
				CLANG_WARN_OBJC_ROOT_CLASS = YES_ERROR;
				CLANG_WARN_RANGE_LOOP_ANALYSIS = YES;
				CLANG_WARN_STRICT_PROTOTYPES = YES;
				CLANG_WARN_SUSPICIOUS_MOVE = YES;
				CLANG_WARN_UNGUARDED_AVAILABILITY = YES_AGGRESSIVE;
				CLANG_WARN_UNREACHABLE_CODE = YES;
				CLANG_WARN__DUPLICATE_METHOD_MATCH = YES;
				COPY_PHASE_STRIP = NO;
				DEBUG_INFORMATION_FORMAT = "dwarf-with-dsym";
				ENABLE_NS_ASSERTIONS = NO;
				ENABLE_STRICT_OBJC_MSGSEND = YES;
				GCC_C_LANGUAGE_STANDARD = gnu11;
				GCC_NO_COMMON_BLOCKS = YES;
				GCC_WARN_64_TO_32_BIT_CONVERSION = YES;
				GCC_WARN_ABOUT_RETURN_TYPE = YES_ERROR;
				GCC_WARN_UNDECLARED_SELECTOR = YES;
				GCC_WARN_UNINITIALIZED_AUTOS = YES_AGGRESSIVE;
				GCC_WARN_UNUSED_FUNCTION = YES;
				GCC_WARN_UNUSED_VARIABLE = YES;
				MACOSX_DEPLOYMENT_TARGET = 10.14;
				MTL_ENABLE_DEBUG_INFO = NO;
				MTL_FAST_MATH = YES;
				SDKROOT = macosx;
			};
			name = Release;
		};
		29E099582391786E006580AC /* Debug */ = {
			isa = XCBuildConfiguration;
			buildSettings = {
				CODE_SIGN_STYLE = Automatic;
				DEVELOPMENT_ASSET_PATHS = "";
				PRODUCT_NAME = "$(TARGET_NAME)";
			};
			name = Debug;
		};
		29E099592391786E006580AC /* Release */ = {
			isa = XCBuildConfiguration;
			buildSettings = {
				CODE_SIGN_STYLE = Automatic;
				DEVELOPMENT_ASSET_PATHS = "";
				PRODUCT_NAME = "$(TARGET_NAME)";
			};
			name = Release;
		};
/* End XCBuildConfiguration section */

/* Begin XCConfigurationList section */
		29E0994B2391786E006580AC /* Build configuration list for PBXProject "CPS511_asst3" */ = {
			isa = XCConfigurationList;
			buildConfigurations = (
				29E099552391786E006580AC /* Debug */,
				29E099562391786E006580AC /* Release */,
			);
			defaultConfigurationIsVisible = 0;
			defaultConfigurationName = Release;
		};
		29E099572391786E006580AC /* Build configuration list for PBXNativeTarget "CPS511_asst3" */ = {
			isa = XCConfigurationList;
			buildConfigurations = (
				29E099582391786E006580AC /* Debug */,
				29E099592391786E006580AC /* Release */,
			);
			defaultConfigurationIsVisible = 0;
			defaultConfigurationName = Release;
		};
/* End XCConfigurationList section */
	};
	rootObject = 29E099482391786E006580AC /* Project object */;
}
